<?xml version="1.0" encoding="utf-8"?>
<Project ToolsVersion="4.0" xmlns="http://schemas.microsoft.com/developer/msbuild/2003">
  <ItemGroup>
    <Filter Include="Source Files">
      <UniqueIdentifier>{4FC737F1-C7A5-4376-A066-2A32D752A2FF}</UniqueIdentifier>
      <Extensions>cpp;c;cc;cxx;def;odl;idl;hpj;bat;asm;asmx</Extensions>
    </Filter>
    <Filter Include="Header Files">
      <UniqueIdentifier>{93995380-89BD-4b04-88EB-625FBE52EBFB}</UniqueIdentifier>
      <Extensions>h;hpp;hxx;hm;inl;inc;xsd</Extensions>
    </Filter>
    <Filter Include="Resource Files">
      <UniqueIdentifier>{67DA6AB6-F800-4c08-8B7A-83BB121AAD01}</UniqueIdentifier>
      <Extensions>rc;ico;cur;bmp;dlg;rc2;rct;bin;rgs;gif;jpg;jpeg;jpe;resx;tiff;tif;png;wav;mfcribbon-ms</Extensions>
    </Filter>
    <Filter Include="Algorithms">
      <UniqueIdentifier>{d9fdbf70-49f3-48a8-98ed-52a438b7cc41}</UniqueIdentifier>
    </Filter>
    <Filter Include="Algorithms\ConvexHull">
      <UniqueIdentifier>{1caf84d0-96d9-4da8-94da-c0740ee5c44e}</UniqueIdentifier>
    </Filter>
    <Filter Include="Algorithms\SweepLine">
      <UniqueIdentifier>{83b89ba0-8d3c-41fa-9897-77fe0b9fbc0d}</UniqueIdentifier>
    </Filter>
    <Filter Include="Algorithms\SweepLine\Line Intersections">
      <UniqueIdentifier>{ade22205-beb5-4cf7-a0ae-b208d5ecafa5}</UniqueIdentifier>
    </Filter>
    <Filter Include="Algorithms\Triangulation">
      <UniqueIdentifier>{7bd6268c-7c72-4948-8c4b-e227cbc686db}</UniqueIdentifier>
    </Filter>
    <Filter Include="Algorithms\Triangulation\Special Polygons">
      <UniqueIdentifier>{e6de0c07-1af2-4805-b692-006f24422a92}</UniqueIdentifier>
    </Filter>
    <Filter Include="Algorithms\Triangulation\Ordainary Polygons">
      <UniqueIdentifier>{52cf15dd-89e3-4a39-bed8-d5763a7a9973}</UniqueIdentifier>
    </Filter>
  </ItemGroup>
  <ItemGroup>
    <ClCompile Include="driver.cpp">
      <Filter>Source Files</Filter>
    </ClCompile>
    <ClCompile Include="Algorithm.h">
      <Filter>Header Files</Filter>
    </ClCompile>
    <ClCompile Include="Utilities.h">
      <Filter>Algorithms</Filter>
    </ClCompile>
  </ItemGroup>
  <ItemGroup>
    <ClInclude Include="Point.h">
      <Filter>Header Files</Filter>
    </ClInclude>
    <ClInclude Include="Line.h">
      <Filter>Header Files</Filter>
    </ClInclude>
    <ClInclude Include="AlgorithmFactory.h">
      <Filter>Header Files</Filter>
    </ClInclude>
    <ClInclude Include="CH_DivideAndConquer.h">
      <Filter>Algorithms\ConvexHull</Filter>
    </ClInclude>
    <ClInclude Include="CH_ExtremePoints.h">
      <Filter>Algorithms\ConvexHull</Filter>
    </ClInclude>
    <ClInclude Include="CH_ExtremeSegments.h">
      <Filter>Algorithms\ConvexHull</Filter>
    </ClInclude>
    <ClInclude Include="CH_GrahamHull.h">
      <Filter>Algorithms\ConvexHull</Filter>
    </ClInclude>
    <ClInclude Include="CH_Incremental.h">
      <Filter>Algorithms\ConvexHull</Filter>
    </ClInclude>
    <ClInclude Include="CH_JarvisMarch.h">
      <Filter>Algorithms\ConvexHull</Filter>
    </ClInclude>
    <ClInclude Include="CH_QuickHull.h">
      <Filter>Algorithms\ConvexHull</Filter>
    </ClInclude>
    <ClInclude Include="SL_BruteForce.h">
      <Filter>Algorithms\SweepLine\Line Intersections</Filter>
    </ClInclude>
    <ClInclude Include="SL_BentleyOttman.h">
      <Filter>Algorithms\SweepLine\Line Intersections</Filter>
    </ClInclude>
    <ClInclude Include="TR_InsertingDiagonals.h">
      <Filter>Algorithms\Triangulation\Ordainary Polygons</Filter>
    </ClInclude>
    <ClInclude Include="TR_SubtractingEars.h">
      <Filter>Algorithms\Triangulation\Ordainary Polygons</Filter>
    </ClInclude>
    <ClInclude Include="TR_TriangulateConvex.h">
      <Filter>Algorithms\Triangulation\Special Polygons</Filter>
    </ClInclude>
    <ClInclude Include="TR_TriangulateMonotone.h">
      <Filter>Algorithms\Triangulation\Special Polygons</Filter>
    </ClInclude>
  </ItemGroup>
  <ItemGroup>
    <None Include="..\..\..\New Text Document.t" />
  </ItemGroup>
</Project>